// !$*UTF8*$!
{
	archiveVersion = 1;
	classes = {
	};
	objectVersion = 50;
	objects = {

/* Begin PBXBuildFile section */
		91A44C33265FDB0E00F4FDC9 /* AppDelegate.swift in Sources */ = {isa = PBXBuildFile; fileRef = 91A44C32265FDB0E00F4FDC9 /* AppDelegate.swift */; };
		91A44C35265FDB0E00F4FDC9 /* SceneDelegate.swift in Sources */ = {isa = PBXBuildFile; fileRef = 91A44C34265FDB0E00F4FDC9 /* SceneDelegate.swift */; };
		91A44C37265FDB0E00F4FDC9 /* ViewController.swift in Sources */ = {isa = PBXBuildFile; fileRef = 91A44C36265FDB0E00F4FDC9 /* ViewController.swift */; };
		91A44C3A265FDB0F00F4FDC9 /* Main.storyboard in Resources */ = {isa = PBXBuildFile; fileRef = 91A44C38265FDB0F00F4FDC9 /* Main.storyboard */; };
		91A44C3C265FDB1300F4FDC9 /* Assets.xcassets in Resources */ = {isa = PBXBuildFile; fileRef = 91A44C3B265FDB1300F4FDC9 /* Assets.xcassets */; };
		91A44C3F265FDB1300F4FDC9 /* LaunchScreen.storyboard in Resources */ = {isa = PBXBuildFile; fileRef = 91A44C3D265FDB1300F4FDC9 /* LaunchScreen.storyboard */; };
		91A44C49265FFE4300F4FDC9 /* DriverStandingsManager.swift in Sources */ = {isa = PBXBuildFile; fileRef = 91A44C48265FFE4300F4FDC9 /* DriverStandingsManager.swift */; };
		91A44C4C266029A500F4FDC9 /* DriverStandingsData.swift in Sources */ = {isa = PBXBuildFile; fileRef = 91A44C4B266029A400F4FDC9 /* DriverStandingsData.swift */; };
		91A44C502660368C00F4FDC9 /* StandingsViewController.swift in Sources */ = {isa = PBXBuildFile; fileRef = 91A44C4F2660368C00F4FDC9 /* StandingsViewController.swift */; };
		91A44C552660391000F4FDC9 /* DriverStandingsModel.swift in Sources */ = {isa = PBXBuildFile; fileRef = 91A44C542660391000F4FDC9 /* DriverStandingsModel.swift */; };
		91A44C672661107C00F4FDC9 /* StandingCell.swift in Sources */ = {isa = PBXBuildFile; fileRef = 91A44C652661107B00F4FDC9 /* StandingCell.swift */; };
		91A44C682661107C00F4FDC9 /* StandingCell.xib in Resources */ = {isa = PBXBuildFile; fileRef = 91A44C662661107B00F4FDC9 /* StandingCell.xib */; };
		91A44C7326626AEF00F4FDC9 /* Extensions.swift in Sources */ = {isa = PBXBuildFile; fileRef = 91A44C7226626AEF00F4FDC9 /* Extensions.swift */; };
		91A44C7626626B8600F4FDC9 /* ScheduleModel.swift in Sources */ = {isa = PBXBuildFile; fileRef = 91A44C7526626B8600F4FDC9 /* ScheduleModel.swift */; };
		91A44C7926627B5900F4FDC9 /* ScheduleManager.swift in Sources */ = {isa = PBXBuildFile; fileRef = 91A44C7826627B5900F4FDC9 /* ScheduleManager.swift */; };
		91A44C7E26627C7100F4FDC9 /* ScheduleData.swift in Sources */ = {isa = PBXBuildFile; fileRef = 91A44C7D26627C7100F4FDC9 /* ScheduleData.swift */; };
		91A44C83266492E800F4FDC9 /* LoadingView.swift in Sources */ = {isa = PBXBuildFile; fileRef = 91A44C82266492E700F4FDC9 /* LoadingView.swift */; };
/* End PBXBuildFile section */

/* Begin PBXFileReference section */
		91A44C2F265FDB0E00F4FDC9 /* F1Countdown.app */ = {isa = PBXFileReference; explicitFileType = wrapper.application; includeInIndex = 0; path = F1Countdown.app; sourceTree = BUILT_PRODUCTS_DIR; };
		91A44C32265FDB0E00F4FDC9 /* AppDelegate.swift */ = {isa = PBXFileReference; lastKnownFileType = sourcecode.swift; path = AppDelegate.swift; sourceTree = "<group>"; };
		91A44C34265FDB0E00F4FDC9 /* SceneDelegate.swift */ = {isa = PBXFileReference; lastKnownFileType = sourcecode.swift; path = SceneDelegate.swift; sourceTree = "<group>"; };
		91A44C36265FDB0E00F4FDC9 /* ViewController.swift */ = {isa = PBXFileReference; lastKnownFileType = sourcecode.swift; path = ViewController.swift; sourceTree = "<group>"; };
		91A44C39265FDB0F00F4FDC9 /* Base */ = {isa = PBXFileReference; lastKnownFileType = file.storyboard; name = Base; path = Base.lproj/Main.storyboard; sourceTree = "<group>"; };
		91A44C3B265FDB1300F4FDC9 /* Assets.xcassets */ = {isa = PBXFileReference; lastKnownFileType = folder.assetcatalog; path = Assets.xcassets; sourceTree = "<group>"; };
		91A44C3E265FDB1300F4FDC9 /* Base */ = {isa = PBXFileReference; lastKnownFileType = file.storyboard; name = Base; path = Base.lproj/LaunchScreen.storyboard; sourceTree = "<group>"; };
		91A44C40265FDB1300F4FDC9 /* Info.plist */ = {isa = PBXFileReference; lastKnownFileType = text.plist.xml; path = Info.plist; sourceTree = "<group>"; };
		91A44C48265FFE4300F4FDC9 /* DriverStandingsManager.swift */ = {isa = PBXFileReference; lastKnownFileType = sourcecode.swift; path = DriverStandingsManager.swift; sourceTree = "<group>"; };
		91A44C4B266029A400F4FDC9 /* DriverStandingsData.swift */ = {isa = PBXFileReference; lastKnownFileType = sourcecode.swift; path = DriverStandingsData.swift; sourceTree = "<group>"; };
		91A44C4F2660368C00F4FDC9 /* StandingsViewController.swift */ = {isa = PBXFileReference; lastKnownFileType = sourcecode.swift; path = StandingsViewController.swift; sourceTree = "<group>"; };
		91A44C542660391000F4FDC9 /* DriverStandingsModel.swift */ = {isa = PBXFileReference; lastKnownFileType = sourcecode.swift; path = DriverStandingsModel.swift; sourceTree = "<group>"; };
		91A44C652661107B00F4FDC9 /* StandingCell.swift */ = {isa = PBXFileReference; lastKnownFileType = sourcecode.swift; path = StandingCell.swift; sourceTree = "<group>"; };
		91A44C662661107B00F4FDC9 /* StandingCell.xib */ = {isa = PBXFileReference; lastKnownFileType = file.xib; path = StandingCell.xib; sourceTree = "<group>"; };
		91A44C7226626AEF00F4FDC9 /* Extensions.swift */ = {isa = PBXFileReference; lastKnownFileType = sourcecode.swift; path = Extensions.swift; sourceTree = "<group>"; };
		91A44C7526626B8600F4FDC9 /* ScheduleModel.swift */ = {isa = PBXFileReference; lastKnownFileType = sourcecode.swift; path = ScheduleModel.swift; sourceTree = "<group>"; };
		91A44C7826627B5900F4FDC9 /* ScheduleManager.swift */ = {isa = PBXFileReference; lastKnownFileType = sourcecode.swift; path = ScheduleManager.swift; sourceTree = "<group>"; };
		91A44C7D26627C7100F4FDC9 /* ScheduleData.swift */ = {isa = PBXFileReference; lastKnownFileType = sourcecode.swift; path = ScheduleData.swift; sourceTree = "<group>"; };
		91A44C82266492E700F4FDC9 /* LoadingView.swift */ = {isa = PBXFileReference; lastKnownFileType = sourcecode.swift; path = LoadingView.swift; sourceTree = "<group>"; };
/* End PBXFileReference section */

/* Begin PBXFrameworksBuildPhase section */
		91A44C2C265FDB0E00F4FDC9 /* Frameworks */ = {
			isa = PBXFrameworksBuildPhase;
			buildActionMask = 2147483647;
			files = (
			);
			runOnlyForDeploymentPostprocessing = 0;
		};
/* End PBXFrameworksBuildPhase section */

/* Begin PBXGroup section */
		91A44C26265FDB0E00F4FDC9 = {
			isa = PBXGroup;
			children = (
				91A44C31265FDB0E00F4FDC9 /* F1Countdown */,
				91A44C30265FDB0E00F4FDC9 /* Products */,
			);
			sourceTree = "<group>";
		};
		91A44C30265FDB0E00F4FDC9 /* Products */ = {
			isa = PBXGroup;
			children = (
				91A44C2F265FDB0E00F4FDC9 /* F1Countdown.app */,
			);
			name = Products;
			sourceTree = "<group>";
		};
		91A44C31265FDB0E00F4FDC9 /* F1Countdown */ = {
			isa = PBXGroup;
			children = (
				91A44C53266038FA00F4FDC9 /* Model */,
				91A44C6A2661108200F4FDC9 /* View */,
				91A44C32265FDB0E00F4FDC9 /* AppDelegate.swift */,
				91A44C34265FDB0E00F4FDC9 /* SceneDelegate.swift */,
				91A44C38265FDB0F00F4FDC9 /* Main.storyboard */,
				91A44C3B265FDB1300F4FDC9 /* Assets.xcassets */,
				91A44C3D265FDB1300F4FDC9 /* LaunchScreen.storyboard */,
				91A44C40265FDB1300F4FDC9 /* Info.plist */,
			);
			path = F1Countdown;
			sourceTree = "<group>";
		};
		91A44C53266038FA00F4FDC9 /* Model */ = {
			isa = PBXGroup;
			children = (
				91A44C4B266029A400F4FDC9 /* DriverStandingsData.swift */,
				91A44C542660391000F4FDC9 /* DriverStandingsModel.swift */,
				91A44C48265FFE4300F4FDC9 /* DriverStandingsManager.swift */,
				91A44C7D26627C7100F4FDC9 /* ScheduleData.swift */,
				91A44C7526626B8600F4FDC9 /* ScheduleModel.swift */,
				91A44C7826627B5900F4FDC9 /* ScheduleManager.swift */,
				91A44C82266492E700F4FDC9 /* LoadingView.swift */,
				91A44C7226626AEF00F4FDC9 /* Extensions.swift */,
			);
			path = Model;
			sourceTree = "<group>";
		};
		91A44C6A2661108200F4FDC9 /* View */ = {
			isa = PBXGroup;
			children = (
				91A44C36265FDB0E00F4FDC9 /* ViewController.swift */,
				91A44C4F2660368C00F4FDC9 /* StandingsViewController.swift */,
				91A44C652661107B00F4FDC9 /* StandingCell.swift */,
				91A44C662661107B00F4FDC9 /* StandingCell.xib */,
			);
			path = View;
			sourceTree = "<group>";
		};
/* End PBXGroup section */

/* Begin PBXNativeTarget section */
		91A44C2E265FDB0E00F4FDC9 /* F1Countdown */ = {
			isa = PBXNativeTarget;
			buildConfigurationList = 91A44C43265FDB1300F4FDC9 /* Build configuration list for PBXNativeTarget "F1Countdown" */;
			buildPhases = (
				91A44C2B265FDB0E00F4FDC9 /* Sources */,
				91A44C2C265FDB0E00F4FDC9 /* Frameworks */,
				91A44C2D265FDB0E00F4FDC9 /* Resources */,
			);
			buildRules = (
			);
			dependencies = (
			);
			name = F1Countdown;
			productName = F1Countdown;
			productReference = 91A44C2F265FDB0E00F4FDC9 /* F1Countdown.app */;
			productType = "com.apple.product-type.application";
		};
/* End PBXNativeTarget section */

/* Begin PBXProject section */
		91A44C27265FDB0E00F4FDC9 /* Project object */ = {
			isa = PBXProject;
			attributes = {
				LastSwiftUpdateCheck = 1230;
				LastUpgradeCheck = 1230;
				TargetAttributes = {
					91A44C2E265FDB0E00F4FDC9 = {
						CreatedOnToolsVersion = 12.3;
					};
				};
			};
			buildConfigurationList = 91A44C2A265FDB0E00F4FDC9 /* Build configuration list for PBXProject "F1Countdown" */;
			compatibilityVersion = "Xcode 9.3";
			developmentRegion = en;
			hasScannedForEncodings = 0;
			knownRegions = (
				en,
				Base,
			);
			mainGroup = 91A44C26265FDB0E00F4FDC9;
			productRefGroup = 91A44C30265FDB0E00F4FDC9 /* Products */;
			projectDirPath = "";
			projectRoot = "";
			targets = (
				91A44C2E265FDB0E00F4FDC9 /* F1Countdown */,
			);
		};
/* End PBXProject section */

/* Begin PBXResourcesBuildPhase section */
		91A44C2D265FDB0E00F4FDC9 /* Resources */ = {
			isa = PBXResourcesBuildPhase;
			buildActionMask = 2147483647;
			files = (
				91A44C3F265FDB1300F4FDC9 /* LaunchScreen.storyboard in Resources */,
				91A44C682661107C00F4FDC9 /* StandingCell.xib in Resources */,
				91A44C3C265FDB1300F4FDC9 /* Assets.xcassets in Resources */,
				91A44C3A265FDB0F00F4FDC9 /* Main.storyboard in Resources */,
			);
			runOnlyForDeploymentPostprocessing = 0;
		};
/* End PBXResourcesBuildPhase section */

/* Begin PBXSourcesBuildPhase section */
		91A44C2B265FDB0E00F4FDC9 /* Sources */ = {
			isa = PBXSourcesBuildPhase;
			buildActionMask = 2147483647;
			files = (
				91A44C37265FDB0E00F4FDC9 /* ViewController.swift in Sources */,
				91A44C7326626AEF00F4FDC9 /* Extensions.swift in Sources */,
				91A44C7626626B8600F4FDC9 /* ScheduleModel.swift in Sources */,
				91A44C49265FFE4300F4FDC9 /* DriverStandingsManager.swift in Sources */,
				91A44C7E26627C7100F4FDC9 /* ScheduleData.swift in Sources */,
				91A44C552660391000F4FDC9 /* DriverStandingsModel.swift in Sources */,
				91A44C502660368C00F4FDC9 /* StandingsViewController.swift in Sources */,
				91A44C33265FDB0E00F4FDC9 /* AppDelegate.swift in Sources */,
				91A44C7926627B5900F4FDC9 /* ScheduleManager.swift in Sources */,
				91A44C672661107C00F4FDC9 /* StandingCell.swift in Sources */,
				91A44C35265FDB0E00F4FDC9 /* SceneDelegate.swift in Sources */,
				91A44C83266492E800F4FDC9 /* LoadingView.swift in Sources */,
				91A44C4C266029A500F4FDC9 /* DriverStandingsData.swift in Sources */,
			);
			runOnlyForDeploymentPostprocessing = 0;
		};
/* End PBXSourcesBuildPhase section */

/* Begin PBXVariantGroup section */
		91A44C38265FDB0F00F4FDC9 /* Main.storyboard */ = {
			isa = PBXVariantGroup;
			children = (
				91A44C39265FDB0F00F4FDC9 /* Base */,
			);
			name = Main.storyboard;
			sourceTree = "<group>";
		};
		91A44C3D265FDB1300F4FDC9 /* LaunchScreen.storyboard */ = {
			isa = PBXVariantGroup;
			children = (
				91A44C3E265FDB1300F4FDC9 /* Base */,
			);
			name = LaunchScreen.storyboard;
			sourceTree = "<group>";
		};
/* End PBXVariantGroup section */

/* Begin XCBuildConfiguration section */
		91A44C41265FDB1300F4FDC9 /* Debug */ = {
			isa = XCBuildConfiguration;
			buildSettings = {
				ALWAYS_SEARCH_USER_PATHS = NO;
				CLANG_ANALYZER_NONNULL = YES;
				CLANG_ANALYZER_NUMBER_OBJECT_CONVERSION = YES_AGGRESSIVE;
				CLANG_CXX_LANGUAGE_STANDARD = "gnu++14";
				CLANG_CXX_LIBRARY = "libc++";
				CLANG_ENABLE_MODULES = YES;
				CLANG_ENABLE_OBJC_ARC = YES;
				CLANG_ENABLE_OBJC_WEAK = YES;
				CLANG_WARN_BLOCK_CAPTURE_AUTORELEASING = YES;
				CLANG_WARN_BOOL_CONVERSION = YES;
				CLANG_WARN_COMMA = YES;
				CLANG_WARN_CONSTANT_CONVERSION = YES;
				CLANG_WARN_DEPRECATED_OBJC_IMPLEMENTATIONS = YES;
				CLANG_WARN_DIRECT_OBJC_ISA_USAGE = YES_ERROR;
				CLANG_WARN_DOCUMENTATION_COMMENTS = YES;
				CLANG_WARN_EMPTY_BODY = YES;
				CLANG_WARN_ENUM_CONVERSION = YES;
				CLANG_WARN_INFINITE_RECURSION = YES;
				CLANG_WARN_INT_CONVERSION = YES;
				CLANG_WARN_NON_LITERAL_NULL_CONVERSION = YES;
				CLANG_WARN_OBJC_IMPLICIT_RETAIN_SELF = YES;
				CLANG_WARN_OBJC_LITERAL_CONVERSION = YES;
				CLANG_WARN_OBJC_ROOT_CLASS = YES_ERROR;
				CLANG_WARN_QUOTED_INCLUDE_IN_FRAMEWORK_HEADER = YES;
				CLANG_WARN_RANGE_LOOP_ANALYSIS = YES;
				CLANG_WARN_STRICT_PROTOTYPES = YES;
				CLANG_WARN_SUSPICIOUS_MOVE = YES;
				CLANG_WARN_UNGUARDED_AVAILABILITY = YES_AGGRESSIVE;
				CLANG_WARN_UNREACHABLE_CODE = YES;
				CLANG_WARN__DUPLICATE_METHOD_MATCH = YES;
				COPY_PHASE_STRIP = NO;
				DEBUG_INFORMATION_FORMAT = dwarf;
				ENABLE_STRICT_OBJC_MSGSEND = YES;
				ENABLE_TESTABILITY = YES;
				GCC_C_LANGUAGE_STANDARD = gnu11;
				GCC_DYNAMIC_NO_PIC = NO;
				GCC_NO_COMMON_BLOCKS = YES;
				GCC_OPTIMIZATION_LEVEL = 0;
				GCC_PREPROCESSOR_DEFINITIONS = (
					"DEBUG=1",
					"$(inherited)",
				);
				GCC_WARN_64_TO_32_BIT_CONVERSION = YES;
				GCC_WARN_ABOUT_RETURN_TYPE = YES_ERROR;
				GCC_WARN_UNDECLARED_SELECTOR = YES;
				GCC_WARN_UNINITIALIZED_AUTOS = YES_AGGRESSIVE;
				GCC_WARN_UNUSED_FUNCTION = YES;
				GCC_WARN_UNUSED_VARIABLE = YES;
				IPHONEOS_DEPLOYMENT_TARGET = 14.3;
				MTL_ENABLE_DEBUG_INFO = INCLUDE_SOURCE;
				MTL_FAST_MATH = YES;
				ONLY_ACTIVE_ARCH = YES;
				SDKROOT = iphoneos;
				SWIFT_ACTIVE_COMPILATION_CONDITIONS = DEBUG;
				SWIFT_OPTIMIZATION_LEVEL = "-Onone";
			};
			name = Debug;
		};
		91A44C42265FDB1300F4FDC9 /* Release */ = {
			isa = XCBuildConfiguration;
			buildSettings = {
				ALWAYS_SEARCH_USER_PATHS = NO;
				CLANG_ANALYZER_NONNULL = YES;
				CLANG_ANALYZER_NUMBER_OBJECT_CONVERSION = YES_AGGRESSIVE;
				CLANG_CXX_LANGUAGE_STANDARD = "gnu++14";
				CLANG_CXX_LIBRARY = "libc++";
				CLANG_ENABLE_MODULES = YES;
				CLANG_ENABLE_OBJC_ARC = YES;
				CLANG_ENABLE_OBJC_WEAK = YES;
				CLANG_WARN_BLOCK_CAPTURE_AUTORELEASING = YES;
				CLANG_WARN_BOOL_CONVERSION = YES;
				CLANG_WARN_COMMA = YES;
				CLANG_WARN_CONSTANT_CONVERSION = YES;
				CLANG_WARN_DEPRECATED_OBJC_IMPLEMENTATIONS = YES;
				CLANG_WARN_DIRECT_OBJC_ISA_USAGE = YES_ERROR;
				CLANG_WARN_DOCUMENTATION_COMMENTS = YES;
				CLANG_WARN_EMPTY_BODY = YES;
				CLANG_WARN_ENUM_CONVERSION = YES;
				CLANG_WARN_INFINITE_RECURSION = YES;
				CLANG_WARN_INT_CONVERSION = YES;
				CLANG_WARN_NON_LITERAL_NULL_CONVERSION = YES;
				CLANG_WARN_OBJC_IMPLICIT_RETAIN_SELF = YES;
				CLANG_WARN_OBJC_LITERAL_CONVERSION = YES;
				CLANG_WARN_OBJC_ROOT_CLASS = YES_ERROR;
				CLANG_WARN_QUOTED_INCLUDE_IN_FRAMEWORK_HEADER = YES;
				CLANG_WARN_RANGE_LOOP_ANALYSIS = YES;
				CLANG_WARN_STRICT_PROTOTYPES = YES;
				CLANG_WARN_SUSPICIOUS_MOVE = YES;
				CLANG_WARN_UNGUARDED_AVAILABILITY = YES_AGGRESSIVE;
				CLANG_WARN_UNREACHABLE_CODE = YES;
				CLANG_WARN__DUPLICATE_METHOD_MATCH = YES;
				COPY_PHASE_STRIP = NO;
				DEBUG_INFORMATION_FORMAT = "dwarf-with-dsym";
				ENABLE_NS_ASSERTIONS = NO;
				ENABLE_STRICT_OBJC_MSGSEND = YES;
				GCC_C_LANGUAGE_STANDARD = gnu11;
				GCC_NO_COMMON_BLOCKS = YES;
				GCC_WARN_64_TO_32_BIT_CONVERSION = YES;
				GCC_WARN_ABOUT_RETURN_TYPE = YES_ERROR;
				GCC_WARN_UNDECLARED_SELECTOR = YES;
				GCC_WARN_UNINITIALIZED_AUTOS = YES_AGGRESSIVE;
				GCC_WARN_UNUSED_FUNCTION = YES;
				GCC_WARN_UNUSED_VARIABLE = YES;
				IPHONEOS_DEPLOYMENT_TARGET = 14.3;
				MTL_ENABLE_DEBUG_INFO = NO;
				MTL_FAST_MATH = YES;
				SDKROOT = iphoneos;
				SWIFT_COMPILATION_MODE = wholemodule;
				SWIFT_OPTIMIZATION_LEVEL = "-O";
				VALIDATE_PRODUCT = YES;
			};
			name = Release;
		};
		91A44C44265FDB1300F4FDC9 /* Debug */ = {
			isa = XCBuildConfiguration;
			buildSettings = {
				ASSETCATALOG_COMPILER_APPICON_NAME = AppIcon;
				ASSETCATALOG_COMPILER_GLOBAL_ACCENT_COLOR_NAME = AccentColor;
				CODE_SIGN_STYLE = Automatic;
				DEVELOPMENT_TEAM = N6WU2Q99MM;
				INFOPLIST_FILE = F1Countdown/Info.plist;
				LD_RUNPATH_SEARCH_PATHS = (
					"$(inherited)",
					"@executable_path/Frameworks",
				);
				PRODUCT_BUNDLE_IDENTIFIER = com.example.ghosticka.F1Countdown;
				PRODUCT_NAME = "$(TARGET_NAME)";
				SWIFT_VERSION = 5.0;
				TARGETED_DEVICE_FAMILY = "1,2";
			};
			name = Debug;
		};
		91A44C45265FDB1300F4FDC9 /* Release */ = {
			isa = XCBuildConfiguration;
			buildSettings = {
				ASSETCATALOG_COMPILER_APPICON_NAME = AppIcon;
				ASSETCATALOG_COMPILER_GLOBAL_ACCENT_COLOR_NAME = AccentColor;
				CODE_SIGN_STYLE = Automatic;
				DEVELOPMENT_TEAM = N6WU2Q99MM;
				INFOPLIST_FILE = F1Countdown/Info.plist;
				LD_RUNPATH_SEARCH_PATHS = (
					"$(inherited)",
					"@executable_path/Frameworks",
				);
				PRODUCT_BUNDLE_IDENTIFIER = com.example.ghosticka.F1Countdown;
				PRODUCT_NAME = "$(TARGET_NAME)";
				SWIFT_VERSION = 5.0;
				TARGETED_DEVICE_FAMILY = "1,2";
			};
			name = Release;
		};
/* End XCBuildConfiguration section */

/* Begin XCConfigurationList section */
		91A44C2A265FDB0E00F4FDC9 /* Build configuration list for PBXProject "F1Countdown" */ = {
			isa = XCConfigurationList;
			buildConfigurations = (
				91A44C41265FDB1300F4FDC9 /* Debug */,
				91A44C42265FDB1300F4FDC9 /* Release */,
			);
			defaultConfigurationIsVisible = 0;
			defaultConfigurationName = Release;
		};
		91A44C43265FDB1300F4FDC9 /* Build configuration list for PBXNativeTarget "F1Countdown" */ = {
			isa = XCConfigurationList;
			buildConfigurations = (
				91A44C44265FDB1300F4FDC9 /* Debug */,
				91A44C45265FDB1300F4FDC9 /* Release */,
			);
			defaultConfigurationIsVisible = 0;
			defaultConfigurationName = Release;
		};
/* End XCConfigurationList section */
	};
	rootObject = 91A44C27265FDB0E00F4FDC9 /* Project object */;
}
